
Microsoft Visual Studio Solution File, Format Version 12.00
# Visual Studio Express 2013 for Web
VisualStudioVersion = 12.0.30110.0
MinimumVisualStudioVersion = 10.0.40219.1
Project("{FAE04EC0-301F-11D3-BF4B-00C04F79EFBC}") = "Nop.Plugin.Misc.HtmlOptimiser", "Nop.Plugin.Misc.HtmlOptimiser.csproj", "{3889619D-50C5-491F-9789-C58A15D1AFB9}"
EndProject
Global
	GlobalSection(SolutionConfigurationPlatforms) = preSolution
		Debug|Any CPU = Debug|Any CPU
		Release|Any CPU = Release|Any CPU
	EndGlobalSection
	GlobalSection(ProjectConfigurationPlatforms) = postSolution
		{3889619D-50C5-491F-9789-C58A15D1AFB9}.Debug|Any CPU.ActiveCfg = Debug|Any CPU
		{3889619D-50C5-491F-9789-C58A15D1AFB9}.Debug|Any CPU.Build.0 = Debug|Any CPU
		{3889619D-50C5-491F-9789-C58A15D1AFB9}.Release|Any CPU.ActiveCfg = Release|Any CPU
		{3889619D-50C5-491F-9789-C58A15D1AFB9}.Release|Any CPU.Build.0 = Release|Any CPU
	EndGlobalSection
	GlobalSection(SolutionProperties) = preSolution
		HideSolutionNode = FALSE
	EndGlobalSection
EndGlobal
